// !$*UTF8*$!
{
	archiveVersion = 1;
	classes = {
	};
	objectVersion = 46;
	objects = {

/* Begin PBXBuildFile section */
		F07736341A8AC957000EB96C /* main.m in Sources */ = {isa = PBXBuildFile; fileRef = F07736331A8AC957000EB96C /* main.m */; };
		F07736371A8AC957000EB96C /* AppDelegate.m in Sources */ = {isa = PBXBuildFile; fileRef = F07736361A8AC957000EB96C /* AppDelegate.m */; };
		F077363A1A8AC957000EB96C /* ViewController.m in Sources */ = {isa = PBXBuildFile; fileRef = F07736391A8AC957000EB96C /* ViewController.m */; };
		F077363D1A8AC957000EB96C /* Main.storyboard in Resources */ = {isa = PBXBuildFile; fileRef = F077363B1A8AC957000EB96C /* Main.storyboard */; };
		F077363F1A8AC957000EB96C /* Images.xcassets in Resources */ = {isa = PBXBuildFile; fileRef = F077363E1A8AC957000EB96C /* Images.xcassets */; };
		F07736421A8AC957000EB96C /* LaunchScreen.xib in Resources */ = {isa = PBXBuildFile; fileRef = F07736401A8AC957000EB96C /* LaunchScreen.xib */; };
		F077364E1A8AC957000EB96C /* PhotoSampleTests.m in Sources */ = {isa = PBXBuildFile; fileRef = F077364D1A8AC957000EB96C /* PhotoSampleTests.m */; };
/* End PBXBuildFile section */

/* Begin PBXContainerItemProxy section */
		F07736481A8AC957000EB96C /* PBXContainerItemProxy */ = {
			isa = PBXContainerItemProxy;
			containerPortal = F07736261A8AC957000EB96C /* Project object */;
			proxyType = 1;
			remoteGlobalIDString = F077362D1A8AC957000EB96C;
			remoteInfo = PhotoSample;
		};
/* End PBXContainerItemProxy section */

/* Begin PBXFileReference section */
		F077362E1A8AC957000EB96C /* PhotoSample.app */ = {isa = PBXFileReference; explicitFileType = wrapper.application; includeInIndex = 0; path = PhotoSample.app; sourceTree = BUILT_PRODUCTS_DIR; };
		F07736321A8AC957000EB96C /* Info.plist */ = {isa = PBXFileReference; lastKnownFileType = text.plist.xml; path = Info.plist; sourceTree = "<group>"; };
		F07736331A8AC957000EB96C /* main.m */ = {isa = PBXFileReference; lastKnownFileType = sourcecode.c.objc; path = main.m; sourceTree = "<group>"; };
		F07736351A8AC957000EB96C /* AppDelegate.h */ = {isa = PBXFileReference; lastKnownFileType = sourcecode.c.h; path = AppDelegate.h; sourceTree = "<group>"; };
		F07736361A8AC957000EB96C /* AppDelegate.m */ = {isa = PBXFileReference; lastKnownFileType = sourcecode.c.objc; path = AppDelegate.m; sourceTree = "<group>"; };
		F07736381A8AC957000EB96C /* ViewController.h */ = {isa = PBXFileReference; lastKnownFileType = sourcecode.c.h; path = ViewController.h; sourceTree = "<group>"; };
		F07736391A8AC957000EB96C /* ViewController.m */ = {isa = PBXFileReference; lastKnownFileType = sourcecode.c.objc; path = ViewController.m; sourceTree = "<group>"; };
		F077363C1A8AC957000EB96C /* Base */ = {isa = PBXFileReference; lastKnownFileType = file.storyboard; name = Base; path = Base.lproj/Main.storyboard; sourceTree = "<group>"; };
		F077363E1A8AC957000EB96C /* Images.xcassets */ = {isa = PBXFileReference; lastKnownFileType = folder.assetcatalog; path = Images.xcassets; sourceTree = "<group>"; };
		F07736411A8AC957000EB96C /* Base */ = {isa = PBXFileReference; lastKnownFileType = file.xib; name = Base; path = Base.lproj/LaunchScreen.xib; sourceTree = "<group>"; };
		F07736471A8AC957000EB96C /* PhotoSampleTests.xctest */ = {isa = PBXFileReference; explicitFileType = wrapper.cfbundle; includeInIndex = 0; path = PhotoSampleTests.xctest; sourceTree = BUILT_PRODUCTS_DIR; };
		F077364C1A8AC957000EB96C /* Info.plist */ = {isa = PBXFileReference; lastKnownFileType = text.plist.xml; path = Info.plist; sourceTree = "<group>"; };
		F077364D1A8AC957000EB96C /* PhotoSampleTests.m */ = {isa = PBXFileReference; lastKnownFileType = sourcecode.c.objc; path = PhotoSampleTests.m; sourceTree = "<group>"; };
/* End PBXFileReference section */

/* Begin PBXFrameworksBuildPhase section */
		F077362B1A8AC957000EB96C /* Frameworks */ = {
			isa = PBXFrameworksBuildPhase;
			buildActionMask = 2147483647;
			files = (
			);
			runOnlyForDeploymentPostprocessing = 0;
		};
		F07736441A8AC957000EB96C /* Frameworks */ = {
			isa = PBXFrameworksBuildPhase;
			buildActionMask = 2147483647;
			files = (
			);
			runOnlyForDeploymentPostprocessing = 0;
		};
/* End PBXFrameworksBuildPhase section */

/* Begin PBXGroup section */
		F07736251A8AC957000EB96C = {
			isa = PBXGroup;
			children = (
				F07736301A8AC957000EB96C /* PhotoSample */,
				F077364A1A8AC957000EB96C /* PhotoSampleTests */,
				F077362F1A8AC957000EB96C /* Products */,
			);
			sourceTree = "<group>";
		};
		F077362F1A8AC957000EB96C /* Products */ = {
			isa = PBXGroup;
			children = (
				F077362E1A8AC957000EB96C /* PhotoSample.app */,
				F07736471A8AC957000EB96C /* PhotoSampleTests.xctest */,
			);
			name = Products;
			sourceTree = "<group>";
		};
		F07736301A8AC957000EB96C /* PhotoSample */ = {
			isa = PBXGroup;
			children = (
				F07736351A8AC957000EB96C /* AppDelegate.h */,
				F07736361A8AC957000EB96C /* AppDelegate.m */,
				F07736381A8AC957000EB96C /* ViewController.h */,
				F07736391A8AC957000EB96C /* ViewController.m */,
				F077363B1A8AC957000EB96C /* Main.storyboard */,
				F077363E1A8AC957000EB96C /* Images.xcassets */,
				F07736401A8AC957000EB96C /* LaunchScreen.xib */,
				F07736311A8AC957000EB96C /* Supporting Files */,
			);
			path = PhotoSample;
			sourceTree = "<group>";
		};
		F07736311A8AC957000EB96C /* Supporting Files */ = {
			isa = PBXGroup;
			children = (
				F07736321A8AC957000EB96C /* Info.plist */,
				F07736331A8AC957000EB96C /* main.m */,
			);
			name = "Supporting Files";
			sourceTree = "<group>";
		};
		F077364A1A8AC957000EB96C /* PhotoSampleTests */ = {
			isa = PBXGroup;
			children = (
				F077364D1A8AC957000EB96C /* PhotoSampleTests.m */,
				F077364B1A8AC957000EB96C /* Supporting Files */,
			);
			path = PhotoSampleTests;
			sourceTree = "<group>";
		};
		F077364B1A8AC957000EB96C /* Supporting Files */ = {
			isa = PBXGroup;
			children = (
				F077364C1A8AC957000EB96C /* Info.plist */,
			);
			name = "Supporting Files";
			sourceTree = "<group>";
		};
/* End PBXGroup section */

/* Begin PBXNativeTarget section */
		F077362D1A8AC957000EB96C /* PhotoSample */ = {
			isa = PBXNativeTarget;
			buildConfigurationList = F07736511A8AC957000EB96C /* Build configuration list for PBXNativeTarget "PhotoSample" */;
			buildPhases = (
				F077362A1A8AC957000EB96C /* Sources */,
				F077362B1A8AC957000EB96C /* Frameworks */,
				F077362C1A8AC957000EB96C /* Resources */,
			);
			buildRules = (
			);
			dependencies = (
			);
			name = PhotoSample;
			productName = PhotoSample;
			productReference = F077362E1A8AC957000EB96C /* PhotoSample.app */;
			productType = "com.apple.product-type.application";
		};
		F07736461A8AC957000EB96C /* PhotoSampleTests */ = {
			isa = PBXNativeTarget;
			buildConfigurationList = F07736541A8AC957000EB96C /* Build configuration list for PBXNativeTarget "PhotoSampleTests" */;
			buildPhases = (
				F07736431A8AC957000EB96C /* Sources */,
				F07736441A8AC957000EB96C /* Frameworks */,
				F07736451A8AC957000EB96C /* Resources */,
			);
			buildRules = (
			);
			dependencies = (
				F07736491A8AC957000EB96C /* PBXTargetDependency */,
			);
			name = PhotoSampleTests;
			productName = PhotoSampleTests;
			productReference = F07736471A8AC957000EB96C /* PhotoSampleTests.xctest */;
			productType = "com.apple.product-type.bundle.unit-test";
		};
/* End PBXNativeTarget section */

/* Begin PBXProject section */
		F07736261A8AC957000EB96C /* Project object */ = {
			isa = PBXProject;
			attributes = {
				LastUpgradeCheck = 0610;
				ORGANIZATIONNAME = Pixegon;
				TargetAttributes = {
					F077362D1A8AC957000EB96C = {
						CreatedOnToolsVersion = 6.1.1;
					};
					F07736461A8AC957000EB96C = {
						CreatedOnToolsVersion = 6.1.1;
						TestTargetID = F077362D1A8AC957000EB96C;
					};
				};
			};
			buildConfigurationList = F07736291A8AC957000EB96C /* Build configuration list for PBXProject "PhotoSample" */;
			compatibilityVersion = "Xcode 3.2";
			developmentRegion = English;
			hasScannedForEncodings = 0;
			knownRegions = (
				en,
				Base,
			);
			mainGroup = F07736251A8AC957000EB96C;
			productRefGroup = F077362F1A8AC957000EB96C /* Products */;
			projectDirPath = "";
			projectRoot = "";
			targets = (
				F077362D1A8AC957000EB96C /* PhotoSample */,
				F07736461A8AC957000EB96C /* PhotoSampleTests */,
			);
		};
/* End PBXProject section */

/* Begin PBXResourcesBuildPhase section */
		F077362C1A8AC957000EB96C /* Resources */ = {
			isa = PBXResourcesBuildPhase;
			buildActionMask = 2147483647;
			files = (
				F077363D1A8AC957000EB96C /* Main.storyboard in Resources */,
				F07736421A8AC957000EB96C /* LaunchScreen.xib in Resources */,
				F077363F1A8AC957000EB96C /* Images.xcassets in Resources */,
			);
			runOnlyForDeploymentPostprocessing = 0;
		};
		F07736451A8AC957000EB96C /* Resources */ = {
			isa = PBXResourcesBuildPhase;
			buildActionMask = 2147483647;
			files = (
			);
			runOnlyForDeploymentPostprocessing = 0;
		};
/* End PBXResourcesBuildPhase section */

/* Begin PBXSourcesBuildPhase section */
		F077362A1A8AC957000EB96C /* Sources */ = {
			isa = PBXSourcesBuildPhase;
			buildActionMask = 2147483647;
			files = (
				F077363A1A8AC957000EB96C /* ViewController.m in Sources */,
				F07736371A8AC957000EB96C /* AppDelegate.m in Sources */,
				F07736341A8AC957000EB96C /* main.m in Sources */,
			);
			runOnlyForDeploymentPostprocessing = 0;
		};
		F07736431A8AC957000EB96C /* Sources */ = {
			isa = PBXSourcesBuildPhase;
			buildActionMask = 2147483647;
			files = (
				F077364E1A8AC957000EB96C /* PhotoSampleTests.m in Sources */,
			);
			runOnlyForDeploymentPostprocessing = 0;
		};
/* End PBXSourcesBuildPhase section */

/* Begin PBXTargetDependency section */
		F07736491A8AC957000EB96C /* PBXTargetDependency */ = {
			isa = PBXTargetDependency;
			target = F077362D1A8AC957000EB96C /* PhotoSample */;
			targetProxy = F07736481A8AC957000EB96C /* PBXContainerItemProxy */;
		};
/* End PBXTargetDependency section */

/* Begin PBXVariantGroup section */
		F077363B1A8AC957000EB96C /* Main.storyboard */ = {
			isa = PBXVariantGroup;
			children = (
				F077363C1A8AC957000EB96C /* Base */,
			);
			name = Main.storyboard;
			sourceTree = "<group>";
		};
		F07736401A8AC957000EB96C /* LaunchScreen.xib */ = {
			isa = PBXVariantGroup;
			children = (
				F07736411A8AC957000EB96C /* Base */,
			);
			name = LaunchScreen.xib;
			sourceTree = "<group>";
		};
/* End PBXVariantGroup section */

/* Begin XCBuildConfiguration section */
		F077364F1A8AC957000EB96C /* Debug */ = {
			isa = XCBuildConfiguration;
			buildSettings = {
				ALWAYS_SEARCH_USER_PATHS = NO;
				CLANG_CXX_LANGUAGE_STANDARD = "gnu++0x";
				CLANG_CXX_LIBRARY = "libc++";
				CLANG_ENABLE_MODULES = YES;
				CLANG_ENABLE_OBJC_ARC = YES;
				CLANG_WARN_BOOL_CONVERSION = YES;
				CLANG_WARN_CONSTANT_CONVERSION = YES;
				CLANG_WARN_DIRECT_OBJC_ISA_USAGE = YES_ERROR;
				CLANG_WARN_EMPTY_BODY = YES;
				CLANG_WARN_ENUM_CONVERSION = YES;
				CLANG_WARN_INT_CONVERSION = YES;
				CLANG_WARN_OBJC_ROOT_CLASS = YES_ERROR;
				CLANG_WARN_UNREACHABLE_CODE = YES;
				CLANG_WARN__DUPLICATE_METHOD_MATCH = YES;
				"CODE_SIGN_IDENTITY[sdk=iphoneos*]" = "iPhone Developer";
				COPY_PHASE_STRIP = NO;
				ENABLE_STRICT_OBJC_MSGSEND = YES;
				GCC_C_LANGUAGE_STANDARD = gnu99;
				GCC_DYNAMIC_NO_PIC = NO;
				GCC_OPTIMIZATION_LEVEL = 0;
				GCC_PREPROCESSOR_DEFINITIONS = (
					"DEBUG=1",
					"$(inherited)",
				);
				GCC_SYMBOLS_PRIVATE_EXTERN = NO;
				GCC_WARN_64_TO_32_BIT_CONVERSION = YES;
				GCC_WARN_ABOUT_RETURN_TYPE = YES_ERROR;
				GCC_WARN_UNDECLARED_SELECTOR = YES;
				GCC_WARN_UNINITIALIZED_AUTOS = YES_AGGRESSIVE;
				GCC_WARN_UNUSED_FUNCTION = YES;
				GCC_WARN_UNUSED_VARIABLE = YES;
				IPHONEOS_DEPLOYMENT_TARGET = 8.1;
				MTL_ENABLE_DEBUG_INFO = YES;
				ONLY_ACTIVE_ARCH = YES;
				SDKROOT = iphoneos;
			};
			name = Debug;
		};
		F07736501A8AC957000EB96C /* Release */ = {
			isa = XCBuildConfiguration;
			buildSettings = {
				ALWAYS_SEARCH_USER_PATHS = NO;
				CLANG_CXX_LANGUAGE_STANDARD = "gnu++0x";
				CLANG_CXX_LIBRARY = "libc++";
				CLANG_ENABLE_MODULES = YES;
				CLANG_ENABLE_OBJC_ARC = YES;
				CLANG_WARN_BOOL_CONVERSION = YES;
				CLANG_WARN_CONSTANT_CONVERSION = YES;
				CLANG_WARN_DIRECT_OBJC_ISA_USAGE = YES_ERROR;
				CLANG_WARN_EMPTY_BODY = YES;
				CLANG_WARN_ENUM_CONVERSION = YES;
				CLANG_WARN_INT_CONVERSION = YES;
				CLANG_WARN_OBJC_ROOT_CLASS = YES_ERROR;
				CLANG_WARN_UNREACHABLE_CODE = YES;
				CLANG_WARN__DUPLICATE_METHOD_MATCH = YES;
				"CODE_SIGN_IDENTITY[sdk=iphoneos*]" = "iPhone Developer";
				COPY_PHASE_STRIP = YES;
				ENABLE_NS_ASSERTIONS = NO;
				ENABLE_STRICT_OBJC_MSGSEND = YES;
				GCC_C_LANGUAGE_STANDARD = gnu99;
				GCC_WARN_64_TO_32_BIT_CONVERSION = YES;
				GCC_WARN_ABOUT_RETURN_TYPE = YES_ERROR;
				GCC_WARN_UNDECLARED_SELECTOR = YES;
				GCC_WARN_UNINITIALIZED_AUTOS = YES_AGGRESSIVE;
				GCC_WARN_UNUSED_FUNCTION = YES;
				GCC_WARN_UNUSED_VARIABLE = YES;
				IPHONEOS_DEPLOYMENT_TARGET = 8.1;
				MTL_ENABLE_DEBUG_INFO = NO;
				SDKROOT = iphoneos;
				VALIDATE_PRODUCT = YES;
			};
			name = Release;
		};
		F07736521A8AC957000EB96C /* Debug */ = {
			isa = XCBuildConfiguration;
			buildSettings = {
				ASSETCATALOG_COMPILER_APPICON_NAME = AppIcon;
				INFOPLIST_FILE = PhotoSample/Info.plist;
				LD_RUNPATH_SEARCH_PATHS = "$(inherited) @executable_path/Frameworks";
				PRODUCT_NAME = "$(TARGET_NAME)";
			};
			name = Debug;
		};
		F07736531A8AC957000EB96C /* Release */ = {
			isa = XCBuildConfiguration;
			buildSettings = {
				ASSETCATALOG_COMPILER_APPICON_NAME = AppIcon;
				INFOPLIST_FILE = PhotoSample/Info.plist;
				LD_RUNPATH_SEARCH_PATHS = "$(inherited) @executable_path/Frameworks";
				PRODUCT_NAME = "$(TARGET_NAME)";
			};
			name = Release;
		};
		F07736551A8AC957000EB96C /* Debug */ = {
			isa = XCBuildConfiguration;
			buildSettings = {
				BUNDLE_LOADER = "$(TEST_HOST)";
				FRAMEWORK_SEARCH_PATHS = (
					"$(SDKROOT)/Developer/Library/Frameworks",
					"$(inherited)",
				);
				GCC_PREPROCESSOR_DEFINITIONS = (
					"DEBUG=1",
					"$(inherited)",
				);
				INFOPLIST_FILE = PhotoSampleTests/Info.plist;
				LD_RUNPATH_SEARCH_PATHS = "$(inherited) @executable_path/Frameworks @loader_path/Frameworks";
				PRODUCT_NAME = "$(TARGET_NAME)";
				TEST_HOST = "$(BUILT_PRODUCTS_DIR)/PhotoSample.app/PhotoSample";
			};
			name = Debug;
		};
		F07736561A8AC957000EB96C /* Release */ = {
			isa = XCBuildConfiguration;
			buildSettings = {
				BUNDLE_LOADER = "$(TEST_HOST)";
				FRAMEWORK_SEARCH_PATHS = (
					"$(SDKROOT)/Developer/Library/Frameworks",
					"$(inherited)",
				);
				INFOPLIST_FILE = PhotoSampleTests/Info.plist;
				LD_RUNPATH_SEARCH_PATHS = "$(inherited) @executable_path/Frameworks @loader_path/Frameworks";
				PRODUCT_NAME = "$(TARGET_NAME)";
				TEST_HOST = "$(BUILT_PRODUCTS_DIR)/PhotoSample.app/PhotoSample";
			};
			name = Release;
		};
/* End XCBuildConfiguration section */

/* Begin XCConfigurationList section */
		F07736291A8AC957000EB96C /* Build configuration list for PBXProject "PhotoSample" */ = {
			isa = XCConfigurationList;
			buildConfigurations = (
				F077364F1A8AC957000EB96C /* Debug */,
				F07736501A8AC957000EB96C /* Release */,
			);
			defaultConfigurationIsVisible = 0;
			defaultConfigurationName = Release;
		};
		F07736511A8AC957000EB96C /* Build configuration list for PBXNativeTarget "PhotoSample" */ = {
			isa = XCConfigurationList;
			buildConfigurations = (
				F07736521A8AC957000EB96C /* Debug */,
				F07736531A8AC957000EB96C /* Release */,
			);
			defaultConfigurationIsVisible = 0;
		};
		F07736541A8AC957000EB96C /* Build configuration list for PBXNativeTarget "PhotoSampleTests" */ = {
			isa = XCConfigurationList;
			buildConfigurations = (
				F07736551A8AC957000EB96C /* Debug */,
				F07736561A8AC957000EB96C /* Release */,
			);
			defaultConfigurationIsVisible = 0;
		};
/* End XCConfigurationList section */
	};
	rootObject = F07736261A8AC957000EB96C /* Project object */;
}
